
Microsoft Visual Studio Solution File, Format Version 10.00
# Visual Studio 2008
Project("{FAE04EC0-301F-11D3-BF4B-00C04F79EFBC}") = "WpfKlip", "WpfKlip\WpfKlip.csproj", "{7EF9CC15-2C78-4F26-817E-5F07CBA7A6E4}"
EndProject
Project("{54435603-DBB4-11D2-8724-00A0C9A8B90C}") = "Setup", "Setup\Setup.vdproj", "{42926244-9ECC-4A1D-A254-1F504351CBB2}"
EndProject
Global
	GlobalSection(TeamFoundationVersionControl) = preSolution
		SccNumberOfProjects = 3
		SccEnterpriseProvider = {4CA58AB2-18FA-4F8D-95D4-32DDF27D184C}
		SccTeamFoundationServer = https://tfs10.codeplex.com/
		SccLocalPath0 = .
		SccProjectUniqueName1 = Setup\\Setup.vdproj
		SccProjectName1 = Setup
		SccLocalPath1 = Setup
		SccProjectUniqueName2 = WpfKlip\\WpfKlip.csproj
		SccProjectName2 = WpfKlip
		SccLocalPath2 = WpfKlip
	EndGlobalSection
	GlobalSection(SolutionConfigurationPlatforms) = preSolution
		Debug|Any CPU = Debug|Any CPU
		Release|Any CPU = Release|Any CPU
	EndGlobalSection
	GlobalSection(ProjectConfigurationPlatforms) = postSolution
		{7EF9CC15-2C78-4F26-817E-5F07CBA7A6E4}.Debug|Any CPU.ActiveCfg = Debug|Any CPU
		{7EF9CC15-2C78-4F26-817E-5F07CBA7A6E4}.Debug|Any CPU.Build.0 = Debug|Any CPU
		{7EF9CC15-2C78-4F26-817E-5F07CBA7A6E4}.Release|Any CPU.ActiveCfg = Release|Any CPU
		{7EF9CC15-2C78-4F26-817E-5F07CBA7A6E4}.Release|Any CPU.Build.0 = Release|Any CPU
		{42926244-9ECC-4A1D-A254-1F504351CBB2}.Debug|Any CPU.ActiveCfg = Debug
		{42926244-9ECC-4A1D-A254-1F504351CBB2}.Debug|Any CPU.Build.0 = Debug
		{42926244-9ECC-4A1D-A254-1F504351CBB2}.Release|Any CPU.ActiveCfg = Release
		{42926244-9ECC-4A1D-A254-1F504351CBB2}.Release|Any CPU.Build.0 = Release
	EndGlobalSection
	GlobalSection(SolutionProperties) = preSolution
		HideSolutionNode = FALSE
	EndGlobalSection
EndGlobal
